
Microsoft Visual Studio Solution File, Format Version 12.00
# Visual Studio 15
VisualStudioVersion = 15.0.26124.0
MinimumVisualStudioVersion = 15.0.26124.0
Project("{FAE04EC0-301F-11D3-BF4B-00C04F79EFBC}") = "Domain", "Domain\Domain.csproj", "{3249A553-8516-48E4-98D0-7D006E7904E7}"
EndProject
Project("{FAE04EC0-301F-11D3-BF4B-00C04F79EFBC}") = "Persistence", "Persistence\Persistence.csproj", "{3B9C5BFA-2605-46CF-87F4-6C1D275DA2BB}"
EndProject
Project("{FAE04EC0-301F-11D3-BF4B-00C04F79EFBC}") = "API", "API\API.csproj", "{1CFD0DEB-DD18-4B54-A414-65E7417E29AA}"
EndProject
Global
	GlobalSection(SolutionConfigurationPlatforms) = preSolution
		Debug|Any CPU = Debug|Any CPU
		Debug|x64 = Debug|x64
		Debug|x86 = Debug|x86
		Release|Any CPU = Release|Any CPU
		Release|x64 = Release|x64
		Release|x86 = Release|x86
	EndGlobalSection
	GlobalSection(SolutionProperties) = preSolution
		HideSolutionNode = FALSE
	EndGlobalSection
	GlobalSection(ProjectConfigurationPlatforms) = postSolution
		{3249A553-8516-48E4-98D0-7D006E7904E7}.Debug|Any CPU.ActiveCfg = Debug|Any CPU
		{3249A553-8516-48E4-98D0-7D006E7904E7}.Debug|Any CPU.Build.0 = Debug|Any CPU
		{3249A553-8516-48E4-98D0-7D006E7904E7}.Debug|x64.ActiveCfg = Debug|Any CPU
		{3249A553-8516-48E4-98D0-7D006E7904E7}.Debug|x64.Build.0 = Debug|Any CPU
		{3249A553-8516-48E4-98D0-7D006E7904E7}.Debug|x86.ActiveCfg = Debug|Any CPU
		{3249A553-8516-48E4-98D0-7D006E7904E7}.Debug|x86.Build.0 = Debug|Any CPU
		{3249A553-8516-48E4-98D0-7D006E7904E7}.Release|Any CPU.ActiveCfg = Release|Any CPU
		{3249A553-8516-48E4-98D0-7D006E7904E7}.Release|Any CPU.Build.0 = Release|Any CPU
		{3249A553-8516-48E4-98D0-7D006E7904E7}.Release|x64.ActiveCfg = Release|Any CPU
		{3249A553-8516-48E4-98D0-7D006E7904E7}.Release|x64.Build.0 = Release|Any CPU
		{3249A553-8516-48E4-98D0-7D006E7904E7}.Release|x86.ActiveCfg = Release|Any CPU
		{3249A553-8516-48E4-98D0-7D006E7904E7}.Release|x86.Build.0 = Release|Any CPU
		{3B9C5BFA-2605-46CF-87F4-6C1D275DA2BB}.Debug|Any CPU.ActiveCfg = Debug|Any CPU
		{3B9C5BFA-2605-46CF-87F4-6C1D275DA2BB}.Debug|Any CPU.Build.0 = Debug|Any CPU
		{3B9C5BFA-2605-46CF-87F4-6C1D275DA2BB}.Debug|x64.ActiveCfg = Debug|Any CPU
		{3B9C5BFA-2605-46CF-87F4-6C1D275DA2BB}.Debug|x64.Build.0 = Debug|Any CPU
		{3B9C5BFA-2605-46CF-87F4-6C1D275DA2BB}.Debug|x86.ActiveCfg = Debug|Any CPU
		{3B9C5BFA-2605-46CF-87F4-6C1D275DA2BB}.Debug|x86.Build.0 = Debug|Any CPU
		{3B9C5BFA-2605-46CF-87F4-6C1D275DA2BB}.Release|Any CPU.ActiveCfg = Release|Any CPU
		{3B9C5BFA-2605-46CF-87F4-6C1D275DA2BB}.Release|Any CPU.Build.0 = Release|Any CPU
		{3B9C5BFA-2605-46CF-87F4-6C1D275DA2BB}.Release|x64.ActiveCfg = Release|Any CPU
		{3B9C5BFA-2605-46CF-87F4-6C1D275DA2BB}.Release|x64.Build.0 = Release|Any CPU
		{3B9C5BFA-2605-46CF-87F4-6C1D275DA2BB}.Release|x86.ActiveCfg = Release|Any CPU
		{3B9C5BFA-2605-46CF-87F4-6C1D275DA2BB}.Release|x86.Build.0 = Release|Any CPU
		{1CFD0DEB-DD18-4B54-A414-65E7417E29AA}.Debug|Any CPU.ActiveCfg = Debug|Any CPU
		{1CFD0DEB-DD18-4B54-A414-65E7417E29AA}.Debug|Any CPU.Build.0 = Debug|Any CPU
		{1CFD0DEB-DD18-4B54-A414-65E7417E29AA}.Debug|x64.ActiveCfg = Debug|Any CPU
		{1CFD0DEB-DD18-4B54-A414-65E7417E29AA}.Debug|x64.Build.0 = Debug|Any CPU
		{1CFD0DEB-DD18-4B54-A414-65E7417E29AA}.Debug|x86.ActiveCfg = Debug|Any CPU
		{1CFD0DEB-DD18-4B54-A414-65E7417E29AA}.Debug|x86.Build.0 = Debug|Any CPU
		{1CFD0DEB-DD18-4B54-A414-65E7417E29AA}.Release|Any CPU.ActiveCfg = Release|Any CPU
		{1CFD0DEB-DD18-4B54-A414-65E7417E29AA}.Release|Any CPU.Build.0 = Release|Any CPU
		{1CFD0DEB-DD18-4B54-A414-65E7417E29AA}.Release|x64.ActiveCfg = Release|Any CPU
		{1CFD0DEB-DD18-4B54-A414-65E7417E29AA}.Release|x64.Build.0 = Release|Any CPU
		{1CFD0DEB-DD18-4B54-A414-65E7417E29AA}.Release|x86.ActiveCfg = Release|Any CPU
		{1CFD0DEB-DD18-4B54-A414-65E7417E29AA}.Release|x86.Build.0 = Release|Any CPU
	EndGlobalSection
EndGlobal
